// !$*UTF8*$!
{
	archiveVersion = 1;
	classes = {
	};
	objectVersion = 46;
	objects = {

/* Begin PBXBuildFile section */
		008F07F31AC5B25A0029DE68 /* main.jsbundle in Resources */ = {isa = PBXBuildFile; fileRef = 008F07F21AC5B25A0029DE68 /* main.jsbundle */; };
		00C302E51ABCBA2D00DB3ED1 /* libRCTActionSheet.a in Frameworks */ = {isa = PBXBuildFile; fileRef = 00C302AC1ABCB8CE00DB3ED1 /* libRCTActionSheet.a */; };
		00C302E71ABCBA2D00DB3ED1 /* libRCTGeolocation.a in Frameworks */ = {isa = PBXBuildFile; fileRef = 00C302BA1ABCB90400DB3ED1 /* libRCTGeolocation.a */; };
		00C302E81ABCBA2D00DB3ED1 /* libRCTImage.a in Frameworks */ = {isa = PBXBuildFile; fileRef = 00C302C01ABCB91800DB3ED1 /* libRCTImage.a */; };
		00C302E91ABCBA2D00DB3ED1 /* libRCTNetwork.a in Frameworks */ = {isa = PBXBuildFile; fileRef = 00C302DC1ABCB9D200DB3ED1 /* libRCTNetwork.a */; };
		00C302EA1ABCBA2D00DB3ED1 /* libRCTVibration.a in Frameworks */ = {isa = PBXBuildFile; fileRef = 00C302E41ABCB9EE00DB3ED1 /* libRCTVibration.a */; };
		00E356F31AD99517003FC87E /* SkyhitzTests.m in Sources */ = {isa = PBXBuildFile; fileRef = 00E356F21AD99517003FC87E /* SkyhitzTests.m */; };
		133E29F31AD74F7200F7D852 /* libRCTLinking.a in Frameworks */ = {isa = PBXBuildFile; fileRef = 78C398B91ACF4ADC00677621 /* libRCTLinking.a */; };
		139105C61AF99C1200B5F7CC /* libRCTSettings.a in Frameworks */ = {isa = PBXBuildFile; fileRef = 139105C11AF99BAD00B5F7CC /* libRCTSettings.a */; };
		139FDEF61B0652A700C62182 /* libRCTWebSocket.a in Frameworks */ = {isa = PBXBuildFile; fileRef = 139FDEF41B06529B00C62182 /* libRCTWebSocket.a */; };
		13B07FBC1A68108700A75B9A /* AppDelegate.m in Sources */ = {isa = PBXBuildFile; fileRef = 13B07FB01A68108700A75B9A /* AppDelegate.m */; };
		13B07FC11A68108700A75B9A /* main.m in Sources */ = {isa = PBXBuildFile; fileRef = 13B07FB71A68108700A75B9A /* main.m */; };
		146834051AC3E58100842450 /* libReact.a in Frameworks */ = {isa = PBXBuildFile; fileRef = 146834041AC3E56700842450 /* libReact.a */; };
		3052ADD71BCB5AAD00266892 /* Avenir.ttf in Resources */ = {isa = PBXBuildFile; fileRef = 3052ADD61BCB5AAD00266892 /* Avenir.ttf */; };
		3052ADD91BCB5B9000266892 /* Ionicons.ttf in Resources */ = {isa = PBXBuildFile; fileRef = 3052ADD81BCB5B9000266892 /* Ionicons.ttf */; };
		30A50F391BCB5A27001A3D49 /* RNVectorIconsManager.m in Sources */ = {isa = PBXBuildFile; fileRef = 30A50F381BCB5A27001A3D49 /* RNVectorIconsManager.m */; };
		48B0391265151B70C9D892F3 /* Pods_Skyhitz.framework in Frameworks */ = {isa = PBXBuildFile; fileRef = AF074A5206661227ECBE063F /* Pods_Skyhitz.framework */; settings = {ATTRIBUTES = (Weak, ); }; };
		832341BD1AAA6AB300B99B32 /* libRCTText.a in Frameworks */ = {isa = PBXBuildFile; fileRef = 832341B51AAA6A8300B99B32 /* libRCTText.a */; };
		D40154551BB1AB290065939C /* AVFoundation.framework in Frameworks */ = {isa = PBXBuildFile; fileRef = D40154541BB1AB290065939C /* AVFoundation.framework */; };
		D416A7FC1B8E9EA600376C9C /* stripe.m in Sources */ = {isa = PBXBuildFile; fileRef = D416A7FB1B8E9EA600376C9C /* stripe.m */; };
		D434FE241B86C3F200AE33E8 /* Gotham-Book.ttf in Resources */ = {isa = PBXBuildFile; fileRef = D434FE1A1B86C3F200AE33E8 /* Gotham-Book.ttf */; };
		D434FE261B86C3F200AE33E8 /* Gotham-Medium.ttf in Resources */ = {isa = PBXBuildFile; fileRef = D434FE1C1B86C3F200AE33E8 /* Gotham-Medium.ttf */; };
		D434FE271B86C3F200AE33E8 /* Gotham-MediumItalic.ttf in Resources */ = {isa = PBXBuildFile; fileRef = D434FE1D1B86C3F200AE33E8 /* Gotham-MediumItalic.ttf */; };
		D434FE281B86C3F200AE33E8 /* Raleway-ExtraLight.ttf in Resources */ = {isa = PBXBuildFile; fileRef = D434FE1E1B86C3F200AE33E8 /* Raleway-ExtraLight.ttf */; };
		D434FE291B86C3F200AE33E8 /* Raleway-Light.ttf in Resources */ = {isa = PBXBuildFile; fileRef = D434FE1F1B86C3F200AE33E8 /* Raleway-Light.ttf */; };
		D434FE2A1B86C3F200AE33E8 /* Raleway-Thin.ttf in Resources */ = {isa = PBXBuildFile; fileRef = D434FE201B86C3F200AE33E8 /* Raleway-Thin.ttf */; };
		D434FE2B1B86C3F200AE33E8 /* YTPlayerView-iframe-player.html in Resources */ = {isa = PBXBuildFile; fileRef = D434FE221B86C3F200AE33E8 /* YTPlayerView-iframe-player.html */; };
		D434FE371B86C43500AE33E8 /* Images.xcassets in Resources */ = {isa = PBXBuildFile; fileRef = D434FE361B86C43500AE33E8 /* Images.xcassets */; };
		D434FE5B1B86C9CB00AE33E8 /* SimpleAuthWrapper.m in Sources */ = {isa = PBXBuildFile; fileRef = D434FE5A1B86C9CB00AE33E8 /* SimpleAuthWrapper.m */; };
		D44BE1781B955B0C006A4E39 /* AppHub.framework in Frameworks */ = {isa = PBXBuildFile; fileRef = D44BE1771B955B0C006A4E39 /* AppHub.framework */; };
		D44BE1851B955B8B006A4E39 /* libz.dylib in Frameworks */ = {isa = PBXBuildFile; fileRef = D44BE1841B955B8B006A4E39 /* libz.dylib */; };
		D44BE1871B955BA6006A4E39 /* SystemConfiguration.framework in Frameworks */ = {isa = PBXBuildFile; fileRef = D44BE1861B955BA6006A4E39 /* SystemConfiguration.framework */; };
		D45534A21B9E522A0010A63B /* libRNKeyboardEvents.a in Frameworks */ = {isa = PBXBuildFile; fileRef = D455349F1B9E52080010A63B /* libRNKeyboardEvents.a */; };
		D4B3E9181B86DA6600DBCB57 /* FBSDKMessengerShareKit.framework in Frameworks */ = {isa = PBXBuildFile; fileRef = D4B3E9131B86DA6600DBCB57 /* FBSDKMessengerShareKit.framework */; };
		D4B3E9191B86DA6600DBCB57 /* Bolts.framework in Frameworks */ = {isa = PBXBuildFile; fileRef = D4B3E9141B86DA6600DBCB57 /* Bolts.framework */; };
		D4B3E91A1B86DA6600DBCB57 /* FBSDKCoreKit.framework in Frameworks */ = {isa = PBXBuildFile; fileRef = D4B3E9151B86DA6600DBCB57 /* FBSDKCoreKit.framework */; };
		D4B3E91B1B86DA6600DBCB57 /* FBSDKLoginKit.framework in Frameworks */ = {isa = PBXBuildFile; fileRef = D4B3E9161B86DA6600DBCB57 /* FBSDKLoginKit.framework */; };
		D4B3E91C1B86DA6600DBCB57 /* FBSDKShareKit.framework in Frameworks */ = {isa = PBXBuildFile; fileRef = D4B3E9171B86DA6600DBCB57 /* FBSDKShareKit.framework */; };
		D4B3E91F1B86DD9A00DBCB57 /* FacebookLoginManager.m in Sources */ = {isa = PBXBuildFile; fileRef = D4B3E91D1B86DD9A00DBCB57 /* FacebookLoginManager.m */; };
		D4B3E92A1B86E2ED00DBCB57 /* VibrancyView.m in Sources */ = {isa = PBXBuildFile; fileRef = D4B3E9221B86E2ED00DBCB57 /* VibrancyView.m */; };
		D4B3E92B1B86E2ED00DBCB57 /* VibrancyViewManager.m in Sources */ = {isa = PBXBuildFile; fileRef = D4B3E9241B86E2ED00DBCB57 /* VibrancyViewManager.m */; };
		D4B3E92C1B86E2ED00DBCB57 /* BlurView.m in Sources */ = {isa = PBXBuildFile; fileRef = D4B3E9271B86E2ED00DBCB57 /* BlurView.m */; };
		D4B3E92D1B86E2ED00DBCB57 /* BlurViewManager.m in Sources */ = {isa = PBXBuildFile; fileRef = D4B3E9291B86E2ED00DBCB57 /* BlurViewManager.m */; };
		D4BBF02E1B976322005F4C88 /* libRNSearchBar.a in Frameworks */ = {isa = PBXBuildFile; fileRef = D4BBF02D1B976312005F4C88 /* libRNSearchBar.a */; };
		D4BBF0641B990DF1005F4C88 /* libRCTYouTube.a in Frameworks */ = {isa = PBXBuildFile; fileRef = D4BBF0631B990DDC005F4C88 /* libRCTYouTube.a */; };
		D4D46D411B9412A2002B52CD /* libRNOverlay.a in Frameworks */ = {isa = PBXBuildFile; fileRef = D4D46D401B941291002B52CD /* libRNOverlay.a */; };
		D4E0514F1BB472D0005A326F /* LaunchScreen.storyboard in Resources */ = {isa = PBXBuildFile; fileRef = D4E0514E1BB472D0005A326F /* LaunchScreen.storyboard */; };
/* End PBXBuildFile section */

/* Begin PBXContainerItemProxy section */
		00C302AB1ABCB8CE00DB3ED1 /* PBXContainerItemProxy */ = {
			isa = PBXContainerItemProxy;
			containerPortal = 00C302A71ABCB8CE00DB3ED1 /* RCTActionSheet.xcodeproj */;
			proxyType = 2;
			remoteGlobalIDString = 134814201AA4EA6300B7C361;
			remoteInfo = RCTActionSheet;
		};
		00C302B91ABCB90400DB3ED1 /* PBXContainerItemProxy */ = {
			isa = PBXContainerItemProxy;
			containerPortal = 00C302B51ABCB90400DB3ED1 /* RCTGeolocation.xcodeproj */;
			proxyType = 2;
			remoteGlobalIDString = 134814201AA4EA6300B7C361;
			remoteInfo = RCTGeolocation;
		};
		00C302BF1ABCB91800DB3ED1 /* PBXContainerItemProxy */ = {
			isa = PBXContainerItemProxy;
			containerPortal = 00C302BB1ABCB91800DB3ED1 /* RCTImage.xcodeproj */;
			proxyType = 2;
			remoteGlobalIDString = 58B5115D1A9E6B3D00147676;
			remoteInfo = RCTImage;
		};
		00C302DB1ABCB9D200DB3ED1 /* PBXContainerItemProxy */ = {
			isa = PBXContainerItemProxy;
			containerPortal = 00C302D31ABCB9D200DB3ED1 /* RCTNetwork.xcodeproj */;
			proxyType = 2;
			remoteGlobalIDString = 58B511DB1A9E6C8500147676;
			remoteInfo = RCTNetwork;
		};
		00C302E31ABCB9EE00DB3ED1 /* PBXContainerItemProxy */ = {
			isa = PBXContainerItemProxy;
			containerPortal = 00C302DF1ABCB9EE00DB3ED1 /* RCTVibration.xcodeproj */;
			proxyType = 2;
			remoteGlobalIDString = 832C81801AAF6DEF007FA2F7;
			remoteInfo = RCTVibration;
		};
		00E356F41AD99517003FC87E /* PBXContainerItemProxy */ = {
			isa = PBXContainerItemProxy;
			containerPortal = 83CBB9F71A601CBA00E9B192 /* Project object */;
			proxyType = 1;
			remoteGlobalIDString = 13B07F861A680F5B00A75B9A;
			remoteInfo = Skyhitz;
		};
		139105C01AF99BAD00B5F7CC /* PBXContainerItemProxy */ = {
			isa = PBXContainerItemProxy;
			containerPortal = 139105B61AF99BAD00B5F7CC /* RCTSettings.xcodeproj */;
			proxyType = 2;
			remoteGlobalIDString = 134814201AA4EA6300B7C361;
			remoteInfo = RCTSettings;
		};
		139FDEF31B06529B00C62182 /* PBXContainerItemProxy */ = {
			isa = PBXContainerItemProxy;
			containerPortal = 139FDEE61B06529A00C62182 /* RCTWebSocket.xcodeproj */;
			proxyType = 2;
			remoteGlobalIDString = 3C86DF461ADF2C930047B81A;
			remoteInfo = RCTWebSocket;
		};
		146834031AC3E56700842450 /* PBXContainerItemProxy */ = {
			isa = PBXContainerItemProxy;
			containerPortal = 146833FF1AC3E56700842450 /* React.xcodeproj */;
			proxyType = 2;
			remoteGlobalIDString = 83CBBA2E1A601D0E00E9B192;
			remoteInfo = React;
		};
		78C398B81ACF4ADC00677621 /* PBXContainerItemProxy */ = {
			isa = PBXContainerItemProxy;
			containerPortal = 78C398B01ACF4ADC00677621 /* RCTLinking.xcodeproj */;
			proxyType = 2;
			remoteGlobalIDString = 134814201AA4EA6300B7C361;
			remoteInfo = RCTLinking;
		};
		832341B41AAA6A8300B99B32 /* PBXContainerItemProxy */ = {
			isa = PBXContainerItemProxy;
			containerPortal = 832341B01AAA6A8300B99B32 /* RCTText.xcodeproj */;
			proxyType = 2;
			remoteGlobalIDString = 58B5119B1A9E6C1200147676;
			remoteInfo = RCTText;
		};
		D455349E1B9E52080010A63B /* PBXContainerItemProxy */ = {
			isa = PBXContainerItemProxy;
			containerPortal = D455348F1B9E52080010A63B /* RNKeyboardEvents.xcodeproj */;
			proxyType = 2;
			remoteGlobalIDString = F12AFB9B1ADAF8F800E0535D;
			remoteInfo = RNKeyboardEvents;
		};
		D4BBF02C1B976312005F4C88 /* PBXContainerItemProxy */ = {
			isa = PBXContainerItemProxy;
			containerPortal = D4BBF01D1B976312005F4C88 /* RNSearchBar.xcodeproj */;
			proxyType = 2;
			remoteGlobalIDString = 134814201AA4EA6300B7C361;
			remoteInfo = RNSearchBar;
		};
		D4BBF0621B990DDC005F4C88 /* PBXContainerItemProxy */ = {
			isa = PBXContainerItemProxy;
			containerPortal = D4BBF05E1B990DDC005F4C88 /* RCTYouTube.xcodeproj */;
			proxyType = 2;
			remoteGlobalIDString = 8BDB9BC91B4289AE00EF9FEF;
			remoteInfo = RCTYouTube;
		};
		D4D46D3F1B941291002B52CD /* PBXContainerItemProxy */ = {
			isa = PBXContainerItemProxy;
			containerPortal = D4D46D3B1B941291002B52CD /* RNOverlay.xcodeproj */;
			proxyType = 2;
			remoteGlobalIDString = 134814201AA4EA6300B7C361;
			remoteInfo = RNOverlay;
		};
/* End PBXContainerItemProxy section */

/* Begin PBXFileReference section */
		008F07F21AC5B25A0029DE68 /* main.jsbundle */ = {isa = PBXFileReference; fileEncoding = 4; lastKnownFileType = text; name = main.jsbundle; path = iOS/main.jsbundle; sourceTree = "<group>"; };
		00C302A71ABCB8CE00DB3ED1 /* RCTActionSheet.xcodeproj */ = {isa = PBXFileReference; lastKnownFileType = "wrapper.pb-project"; name = RCTActionSheet.xcodeproj; path = "node_modules/react-native/Libraries/ActionSheetIOS/RCTActionSheet.xcodeproj"; sourceTree = "<group>"; };
		00C302B51ABCB90400DB3ED1 /* RCTGeolocation.xcodeproj */ = {isa = PBXFileReference; lastKnownFileType = "wrapper.pb-project"; name = RCTGeolocation.xcodeproj; path = "node_modules/react-native/Libraries/Geolocation/RCTGeolocation.xcodeproj"; sourceTree = "<group>"; };
		00C302BB1ABCB91800DB3ED1 /* RCTImage.xcodeproj */ = {isa = PBXFileReference; lastKnownFileType = "wrapper.pb-project"; name = RCTImage.xcodeproj; path = "node_modules/react-native/Libraries/Image/RCTImage.xcodeproj"; sourceTree = "<group>"; };
		00C302D31ABCB9D200DB3ED1 /* RCTNetwork.xcodeproj */ = {isa = PBXFileReference; lastKnownFileType = "wrapper.pb-project"; name = RCTNetwork.xcodeproj; path = "node_modules/react-native/Libraries/Network/RCTNetwork.xcodeproj"; sourceTree = "<group>"; };
		00C302DF1ABCB9EE00DB3ED1 /* RCTVibration.xcodeproj */ = {isa = PBXFileReference; lastKnownFileType = "wrapper.pb-project"; name = RCTVibration.xcodeproj; path = "node_modules/react-native/Libraries/Vibration/RCTVibration.xcodeproj"; sourceTree = "<group>"; };
		00E356EE1AD99517003FC87E /* SkyhitzTests.xctest */ = {isa = PBXFileReference; explicitFileType = wrapper.cfbundle; includeInIndex = 0; path = SkyhitzTests.xctest; sourceTree = BUILT_PRODUCTS_DIR; };
		00E356F11AD99517003FC87E /* Info.plist */ = {isa = PBXFileReference; lastKnownFileType = text.plist.xml; path = Info.plist; sourceTree = "<group>"; };
		00E356F21AD99517003FC87E /* SkyhitzTests.m */ = {isa = PBXFileReference; lastKnownFileType = sourcecode.c.objc; path = SkyhitzTests.m; sourceTree = "<group>"; };
		139105B61AF99BAD00B5F7CC /* RCTSettings.xcodeproj */ = {isa = PBXFileReference; lastKnownFileType = "wrapper.pb-project"; name = RCTSettings.xcodeproj; path = "node_modules/react-native/Libraries/Settings/RCTSettings.xcodeproj"; sourceTree = "<group>"; };
		139FDEE61B06529A00C62182 /* RCTWebSocket.xcodeproj */ = {isa = PBXFileReference; lastKnownFileType = "wrapper.pb-project"; name = RCTWebSocket.xcodeproj; path = "node_modules/react-native/Libraries/WebSocket/RCTWebSocket.xcodeproj"; sourceTree = "<group>"; };
		13B07F961A680F5B00A75B9A /* Skyhitz.app */ = {isa = PBXFileReference; explicitFileType = wrapper.application; includeInIndex = 0; path = Skyhitz.app; sourceTree = BUILT_PRODUCTS_DIR; };
		13B07FAF1A68108700A75B9A /* AppDelegate.h */ = {isa = PBXFileReference; fileEncoding = 4; lastKnownFileType = sourcecode.c.h; name = AppDelegate.h; path = iOS/AppDelegate.h; sourceTree = "<group>"; };
		13B07FB01A68108700A75B9A /* AppDelegate.m */ = {isa = PBXFileReference; fileEncoding = 4; lastKnownFileType = sourcecode.c.objc; name = AppDelegate.m; path = iOS/AppDelegate.m; sourceTree = "<group>"; };
		13B07FB61A68108700A75B9A /* Info.plist */ = {isa = PBXFileReference; fileEncoding = 4; lastKnownFileType = text.plist.xml; name = Info.plist; path = iOS/Info.plist; sourceTree = "<group>"; };
		13B07FB71A68108700A75B9A /* main.m */ = {isa = PBXFileReference; fileEncoding = 4; lastKnownFileType = sourcecode.c.objc; name = main.m; path = iOS/main.m; sourceTree = "<group>"; };
		146833FF1AC3E56700842450 /* React.xcodeproj */ = {isa = PBXFileReference; lastKnownFileType = "wrapper.pb-project"; name = React.xcodeproj; path = "node_modules/react-native/React/React.xcodeproj"; sourceTree = "<group>"; };
		23CE8E92911DC0EA5249EEA5 /* Pods-Skyhitz.release.xcconfig */ = {isa = PBXFileReference; includeInIndex = 1; lastKnownFileType = text.xcconfig; name = "Pods-Skyhitz.release.xcconfig"; path = "Pods/Target Support Files/Pods-Skyhitz/Pods-Skyhitz.release.xcconfig"; sourceTree = "<group>"; };
		3052ADD61BCB5AAD00266892 /* Avenir.ttf */ = {isa = PBXFileReference; lastKnownFileType = file; path = Avenir.ttf; sourceTree = "<group>"; };
		3052ADD81BCB5B9000266892 /* Ionicons.ttf */ = {isa = PBXFileReference; lastKnownFileType = file; path = Ionicons.ttf; sourceTree = "<group>"; };
		30A50F371BCB5A27001A3D49 /* RNVectorIconsManager.h */ = {isa = PBXFileReference; fileEncoding = 4; lastKnownFileType = sourcecode.c.h; path = RNVectorIconsManager.h; sourceTree = "<group>"; };
		30A50F381BCB5A27001A3D49 /* RNVectorIconsManager.m */ = {isa = PBXFileReference; fileEncoding = 4; lastKnownFileType = sourcecode.c.objc; path = RNVectorIconsManager.m; sourceTree = "<group>"; };
		78C398B01ACF4ADC00677621 /* RCTLinking.xcodeproj */ = {isa = PBXFileReference; lastKnownFileType = "wrapper.pb-project"; name = RCTLinking.xcodeproj; path = "node_modules/react-native/Libraries/LinkingIOS/RCTLinking.xcodeproj"; sourceTree = "<group>"; };
		832341B01AAA6A8300B99B32 /* RCTText.xcodeproj */ = {isa = PBXFileReference; lastKnownFileType = "wrapper.pb-project"; name = RCTText.xcodeproj; path = "node_modules/react-native/Libraries/Text/RCTText.xcodeproj"; sourceTree = "<group>"; };
		87C5D742B34D1D7496815370 /* Pods-Skyhitz.debug.xcconfig */ = {isa = PBXFileReference; includeInIndex = 1; lastKnownFileType = text.xcconfig; name = "Pods-Skyhitz.debug.xcconfig"; path = "Pods/Target Support Files/Pods-Skyhitz/Pods-Skyhitz.debug.xcconfig"; sourceTree = "<group>"; };
		AF074A5206661227ECBE063F /* Pods_Skyhitz.framework */ = {isa = PBXFileReference; explicitFileType = wrapper.framework; includeInIndex = 0; path = Pods_Skyhitz.framework; sourceTree = BUILT_PRODUCTS_DIR; };
		D40154541BB1AB290065939C /* AVFoundation.framework */ = {isa = PBXFileReference; lastKnownFileType = wrapper.framework; name = AVFoundation.framework; path = System/Library/Frameworks/AVFoundation.framework; sourceTree = SDKROOT; };
		D416A7EF1B8E9E0100376C9C /* stripe.h */ = {isa = PBXFileReference; fileEncoding = 4; lastKnownFileType = sourcecode.c.h; path = stripe.h; sourceTree = "<group>"; };
		D416A7FB1B8E9EA600376C9C /* stripe.m */ = {isa = PBXFileReference; fileEncoding = 4; lastKnownFileType = sourcecode.c.objc; path = stripe.m; sourceTree = "<group>"; };
		D434FE1A1B86C3F200AE33E8 /* Gotham-Book.ttf */ = {isa = PBXFileReference; lastKnownFileType = file; path = "Gotham-Book.ttf"; sourceTree = "<group>"; };
		D434FE1C1B86C3F200AE33E8 /* Gotham-Medium.ttf */ = {isa = PBXFileReference; lastKnownFileType = file; path = "Gotham-Medium.ttf"; sourceTree = "<group>"; };
		D434FE1D1B86C3F200AE33E8 /* Gotham-MediumItalic.ttf */ = {isa = PBXFileReference; lastKnownFileType = file; path = "Gotham-MediumItalic.ttf"; sourceTree = "<group>"; };
		D434FE1E1B86C3F200AE33E8 /* Raleway-ExtraLight.ttf */ = {isa = PBXFileReference; lastKnownFileType = file; path = "Raleway-ExtraLight.ttf"; sourceTree = "<group>"; };
		D434FE1F1B86C3F200AE33E8 /* Raleway-Light.ttf */ = {isa = PBXFileReference; lastKnownFileType = file; path = "Raleway-Light.ttf"; sourceTree = "<group>"; };
		D434FE201B86C3F200AE33E8 /* Raleway-Thin.ttf */ = {isa = PBXFileReference; lastKnownFileType = file; path = "Raleway-Thin.ttf"; sourceTree = "<group>"; };
		D434FE221B86C3F200AE33E8 /* YTPlayerView-iframe-player.html */ = {isa = PBXFileReference; fileEncoding = 4; lastKnownFileType = text.html; path = "YTPlayerView-iframe-player.html"; sourceTree = "<group>"; };
		D434FE361B86C43500AE33E8 /* Images.xcassets */ = {isa = PBXFileReference; lastKnownFileType = folder.assetcatalog; path = Images.xcassets; sourceTree = "<group>"; };
		D434FE591B86C9CB00AE33E8 /* SimpleAuthWrapper.h */ = {isa = PBXFileReference; fileEncoding = 4; lastKnownFileType = sourcecode.c.h; name = SimpleAuthWrapper.h; path = "node_modules/react-native-simple-auth/iOS/SimpleAuthWrapper.h"; sourceTree = "<group>"; };
		D434FE5A1B86C9CB00AE33E8 /* SimpleAuthWrapper.m */ = {isa = PBXFileReference; fileEncoding = 4; lastKnownFileType = sourcecode.c.objc; name = SimpleAuthWrapper.m; path = "node_modules/react-native-simple-auth/iOS/SimpleAuthWrapper.m"; sourceTree = "<group>"; };
		D44BE1771B955B0C006A4E39 /* AppHub.framework */ = {isa = PBXFileReference; lastKnownFileType = wrapper.framework; path = AppHub.framework; sourceTree = "<group>"; };
		D44BE1841B955B8B006A4E39 /* libz.dylib */ = {isa = PBXFileReference; lastKnownFileType = "compiled.mach-o.dylib"; name = libz.dylib; path = usr/lib/libz.dylib; sourceTree = SDKROOT; };
		D44BE1861B955BA6006A4E39 /* SystemConfiguration.framework */ = {isa = PBXFileReference; lastKnownFileType = wrapper.framework; name = SystemConfiguration.framework; path = System/Library/Frameworks/SystemConfiguration.framework; sourceTree = SDKROOT; };
		D455348F1B9E52080010A63B /* RNKeyboardEvents.xcodeproj */ = {isa = PBXFileReference; lastKnownFileType = "wrapper.pb-project"; name = RNKeyboardEvents.xcodeproj; path = "node_modules/react-native-keyboardevents/RNKeyboardEvents.xcodeproj"; sourceTree = "<group>"; };
		D4B3E9131B86DA6600DBCB57 /* FBSDKMessengerShareKit.framework */ = {isa = PBXFileReference; lastKnownFileType = wrapper.framework; path = FBSDKMessengerShareKit.framework; sourceTree = "<group>"; };
		D4B3E9141B86DA6600DBCB57 /* Bolts.framework */ = {isa = PBXFileReference; lastKnownFileType = wrapper.framework; path = Bolts.framework; sourceTree = "<group>"; };
		D4B3E9151B86DA6600DBCB57 /* FBSDKCoreKit.framework */ = {isa = PBXFileReference; lastKnownFileType = wrapper.framework; path = FBSDKCoreKit.framework; sourceTree = "<group>"; };
		D4B3E9161B86DA6600DBCB57 /* FBSDKLoginKit.framework */ = {isa = PBXFileReference; lastKnownFileType = wrapper.framework; path = FBSDKLoginKit.framework; sourceTree = "<group>"; };
		D4B3E9171B86DA6600DBCB57 /* FBSDKShareKit.framework */ = {isa = PBXFileReference; lastKnownFileType = wrapper.framework; path = FBSDKShareKit.framework; sourceTree = "<group>"; };
		D4B3E91D1B86DD9A00DBCB57 /* FacebookLoginManager.m */ = {isa = PBXFileReference; fileEncoding = 4; lastKnownFileType = sourcecode.c.objc; name = FacebookLoginManager.m; path = iOS/FacebookLoginManager.m; sourceTree = "<group>"; };
		D4B3E91E1B86DD9A00DBCB57 /* FacebookLoginManager.h */ = {isa = PBXFileReference; fileEncoding = 4; lastKnownFileType = sourcecode.c.h; name = FacebookLoginManager.h; path = iOS/FacebookLoginManager.h; sourceTree = "<group>"; };
		D4B3E9211B86E2ED00DBCB57 /* VibrancyView.h */ = {isa = PBXFileReference; fileEncoding = 4; lastKnownFileType = sourcecode.c.h; path = VibrancyView.h; sourceTree = "<group>"; };
		D4B3E9221B86E2ED00DBCB57 /* VibrancyView.m */ = {isa = PBXFileReference; fileEncoding = 4; lastKnownFileType = sourcecode.c.objc; path = VibrancyView.m; sourceTree = "<group>"; };
		D4B3E9231B86E2ED00DBCB57 /* VibrancyViewManager.h */ = {isa = PBXFileReference; fileEncoding = 4; lastKnownFileType = sourcecode.c.h; path = VibrancyViewManager.h; sourceTree = "<group>"; };
		D4B3E9241B86E2ED00DBCB57 /* VibrancyViewManager.m */ = {isa = PBXFileReference; fileEncoding = 4; lastKnownFileType = sourcecode.c.objc; path = VibrancyViewManager.m; sourceTree = "<group>"; };
		D4B3E9261B86E2ED00DBCB57 /* BlurView.h */ = {isa = PBXFileReference; fileEncoding = 4; lastKnownFileType = sourcecode.c.h; path = BlurView.h; sourceTree = "<group>"; };
		D4B3E9271B86E2ED00DBCB57 /* BlurView.m */ = {isa = PBXFileReference; fileEncoding = 4; lastKnownFileType = sourcecode.c.objc; path = BlurView.m; sourceTree = "<group>"; };
		D4B3E9281B86E2ED00DBCB57 /* BlurViewManager.h */ = {isa = PBXFileReference; fileEncoding = 4; lastKnownFileType = sourcecode.c.h; path = BlurViewManager.h; sourceTree = "<group>"; };
		D4B3E9291B86E2ED00DBCB57 /* BlurViewManager.m */ = {isa = PBXFileReference; fileEncoding = 4; lastKnownFileType = sourcecode.c.objc; path = BlurViewManager.m; sourceTree = "<group>"; };
		D4BBF01D1B976312005F4C88 /* RNSearchBar.xcodeproj */ = {isa = PBXFileReference; lastKnownFileType = "wrapper.pb-project"; name = RNSearchBar.xcodeproj; path = "node_modules/react-native-search-bar/RNSearchBar.xcodeproj"; sourceTree = "<group>"; };
		D4BBF05E1B990DDC005F4C88 /* RCTYouTube.xcodeproj */ = {isa = PBXFileReference; lastKnownFileType = "wrapper.pb-project"; name = RCTYouTube.xcodeproj; path = "node_modules/react-native-youtube/RCTYouTube.xcodeproj"; sourceTree = "<group>"; };
		D4D46D3B1B941291002B52CD /* RNOverlay.xcodeproj */ = {isa = PBXFileReference; lastKnownFileType = "wrapper.pb-project"; name = RNOverlay.xcodeproj; path = "node_modules/react-native-overlay/RNOverlay.xcodeproj"; sourceTree = "<group>"; };
		D4E0514E1BB472D0005A326F /* LaunchScreen.storyboard */ = {isa = PBXFileReference; fileEncoding = 4; lastKnownFileType = file.storyboard; path = LaunchScreen.storyboard; sourceTree = "<group>"; };
/* End PBXFileReference section */

/* Begin PBXFrameworksBuildPhase section */
		00E356EB1AD99517003FC87E /* Frameworks */ = {
			isa = PBXFrameworksBuildPhase;
			buildActionMask = 2147483647;
			files = (
			);
			runOnlyForDeploymentPostprocessing = 0;
		};
		13B07F8C1A680F5B00A75B9A /* Frameworks */ = {
			isa = PBXFrameworksBuildPhase;
			buildActionMask = 2147483647;
			files = (
				D40154551BB1AB290065939C /* AVFoundation.framework in Frameworks */,
				D45534A21B9E522A0010A63B /* libRNKeyboardEvents.a in Frameworks */,
				D4BBF0641B990DF1005F4C88 /* libRCTYouTube.a in Frameworks */,
				D4BBF02E1B976322005F4C88 /* libRNSearchBar.a in Frameworks */,
				D44BE1871B955BA6006A4E39 /* SystemConfiguration.framework in Frameworks */,
				D44BE1851B955B8B006A4E39 /* libz.dylib in Frameworks */,
				D4D46D411B9412A2002B52CD /* libRNOverlay.a in Frameworks */,
				146834051AC3E58100842450 /* libReact.a in Frameworks */,
				00C302E51ABCBA2D00DB3ED1 /* libRCTActionSheet.a in Frameworks */,
				D4B3E91B1B86DA6600DBCB57 /* FBSDKLoginKit.framework in Frameworks */,
				00C302E71ABCBA2D00DB3ED1 /* libRCTGeolocation.a in Frameworks */,
				00C302E81ABCBA2D00DB3ED1 /* libRCTImage.a in Frameworks */,
				D44BE1781B955B0C006A4E39 /* AppHub.framework in Frameworks */,
				D4B3E9181B86DA6600DBCB57 /* FBSDKMessengerShareKit.framework in Frameworks */,
				133E29F31AD74F7200F7D852 /* libRCTLinking.a in Frameworks */,
				00C302E91ABCBA2D00DB3ED1 /* libRCTNetwork.a in Frameworks */,
				D4B3E91C1B86DA6600DBCB57 /* FBSDKShareKit.framework in Frameworks */,
				D4B3E9191B86DA6600DBCB57 /* Bolts.framework in Frameworks */,
				139105C61AF99C1200B5F7CC /* libRCTSettings.a in Frameworks */,
				832341BD1AAA6AB300B99B32 /* libRCTText.a in Frameworks */,
				00C302EA1ABCBA2D00DB3ED1 /* libRCTVibration.a in Frameworks */,
				D4B3E91A1B86DA6600DBCB57 /* FBSDKCoreKit.framework in Frameworks */,
				139FDEF61B0652A700C62182 /* libRCTWebSocket.a in Frameworks */,
				48B0391265151B70C9D892F3 /* Pods_Skyhitz.framework in Frameworks */,
			);
			runOnlyForDeploymentPostprocessing = 0;
		};
/* End PBXFrameworksBuildPhase section */

/* Begin PBXGroup section */
		00C302A81ABCB8CE00DB3ED1 /* Products */ = {
			isa = PBXGroup;
			children = (
				00C302AC1ABCB8CE00DB3ED1 /* libRCTActionSheet.a */,
			);
			name = Products;
			sourceTree = "<group>";
		};
		00C302B61ABCB90400DB3ED1 /* Products */ = {
			isa = PBXGroup;
			children = (
				00C302BA1ABCB90400DB3ED1 /* libRCTGeolocation.a */,
			);
			name = Products;
			sourceTree = "<group>";
		};
		00C302BC1ABCB91800DB3ED1 /* Products */ = {
			isa = PBXGroup;
			children = (
				00C302C01ABCB91800DB3ED1 /* libRCTImage.a */,
			);
			name = Products;
			sourceTree = "<group>";
		};
		00C302D41ABCB9D200DB3ED1 /* Products */ = {
			isa = PBXGroup;
			children = (
				00C302DC1ABCB9D200DB3ED1 /* libRCTNetwork.a */,
			);
			name = Products;
			sourceTree = "<group>";
		};
		00C302E01ABCB9EE00DB3ED1 /* Products */ = {
			isa = PBXGroup;
			children = (
				00C302E41ABCB9EE00DB3ED1 /* libRCTVibration.a */,
			);
			name = Products;
			sourceTree = "<group>";
		};
		00E356EF1AD99517003FC87E /* SkyhitzTests */ = {
			isa = PBXGroup;
			children = (
				00E356F21AD99517003FC87E /* SkyhitzTests.m */,
				00E356F01AD99517003FC87E /* Supporting Files */,
			);
			path = SkyhitzTests;
			sourceTree = "<group>";
		};
		00E356F01AD99517003FC87E /* Supporting Files */ = {
			isa = PBXGroup;
			children = (
				00E356F11AD99517003FC87E /* Info.plist */,
			);
			name = "Supporting Files";
			sourceTree = "<group>";
		};
		139105B71AF99BAD00B5F7CC /* Products */ = {
			isa = PBXGroup;
			children = (
				139105C11AF99BAD00B5F7CC /* libRCTSettings.a */,
			);
			name = Products;
			sourceTree = "<group>";
		};
		139FDEE71B06529A00C62182 /* Products */ = {
			isa = PBXGroup;
			children = (
				139FDEF41B06529B00C62182 /* libRCTWebSocket.a */,
			);
			name = Products;
			sourceTree = "<group>";
		};
		13B07FAE1A68108700A75B9A /* Skyhitz */ = {
			isa = PBXGroup;
			children = (
				D4B3E91D1B86DD9A00DBCB57 /* FacebookLoginManager.m */,
				D4B3E91E1B86DD9A00DBCB57 /* FacebookLoginManager.h */,
				D434FE171B86C3F200AE33E8 /* Resources */,
				008F07F21AC5B25A0029DE68 /* main.jsbundle */,
				13B07FAF1A68108700A75B9A /* AppDelegate.h */,
				13B07FB01A68108700A75B9A /* AppDelegate.m */,
				D434FE361B86C43500AE33E8 /* Images.xcassets */,
				13B07FB61A68108700A75B9A /* Info.plist */,
				13B07FB71A68108700A75B9A /* main.m */,
				D416A7EF1B8E9E0100376C9C /* stripe.h */,
				D416A7FB1B8E9EA600376C9C /* stripe.m */,
				D4E0514E1BB472D0005A326F /* LaunchScreen.storyboard */,
			);
			name = Skyhitz;
			sourceTree = "<group>";
		};
		146834001AC3E56700842450 /* Products */ = {
			isa = PBXGroup;
			children = (
				146834041AC3E56700842450 /* libReact.a */,
			);
			name = Products;
			sourceTree = "<group>";
		};
		30A50F361BCB5A27001A3D49 /* RNVectorIconsManager */ = {
			isa = PBXGroup;
			children = (
				30A50F371BCB5A27001A3D49 /* RNVectorIconsManager.h */,
				30A50F381BCB5A27001A3D49 /* RNVectorIconsManager.m */,
			);
			name = RNVectorIconsManager;
			path = "node_modules/react-native-vector-icons/RNVectorIconsManager";
			sourceTree = "<group>";
		};
		78C398B11ACF4ADC00677621 /* Products */ = {
			isa = PBXGroup;
			children = (
				78C398B91ACF4ADC00677621 /* libRCTLinking.a */,
			);
			name = Products;
			sourceTree = "<group>";
		};
		832341AE1AAA6A7D00B99B32 /* Libraries */ = {
			isa = PBXGroup;
			children = (
				D455348F1B9E52080010A63B /* RNKeyboardEvents.xcodeproj */,
				D4BBF05E1B990DDC005F4C88 /* RCTYouTube.xcodeproj */,
				D4BBF01D1B976312005F4C88 /* RNSearchBar.xcodeproj */,
				D4D46D3B1B941291002B52CD /* RNOverlay.xcodeproj */,
				30A50F361BCB5A27001A3D49 /* RNVectorIconsManager */,
				D4B3E9201B86E2ED00DBCB57 /* RNVibrancy */,
				D4B3E9251B86E2ED00DBCB57 /* RNBlur */,
				D434FE591B86C9CB00AE33E8 /* SimpleAuthWrapper.h */,
				D434FE5A1B86C9CB00AE33E8 /* SimpleAuthWrapper.m */,
				146833FF1AC3E56700842450 /* React.xcodeproj */,
				00C302A71ABCB8CE00DB3ED1 /* RCTActionSheet.xcodeproj */,
				00C302B51ABCB90400DB3ED1 /* RCTGeolocation.xcodeproj */,
				00C302BB1ABCB91800DB3ED1 /* RCTImage.xcodeproj */,
				78C398B01ACF4ADC00677621 /* RCTLinking.xcodeproj */,
				00C302D31ABCB9D200DB3ED1 /* RCTNetwork.xcodeproj */,
				139105B61AF99BAD00B5F7CC /* RCTSettings.xcodeproj */,
				832341B01AAA6A8300B99B32 /* RCTText.xcodeproj */,
				00C302DF1ABCB9EE00DB3ED1 /* RCTVibration.xcodeproj */,
				139FDEE61B06529A00C62182 /* RCTWebSocket.xcodeproj */,
			);
			name = Libraries;
			sourceTree = "<group>";
		};
		832341B11AAA6A8300B99B32 /* Products */ = {
			isa = PBXGroup;
			children = (
				832341B51AAA6A8300B99B32 /* libRCTText.a */,
			);
			name = Products;
			sourceTree = "<group>";
		};
		83CBB9F61A601CBA00E9B192 = {
			isa = PBXGroup;
			children = (
				13B07FAE1A68108700A75B9A /* Skyhitz */,
				832341AE1AAA6A7D00B99B32 /* Libraries */,
				00E356EF1AD99517003FC87E /* SkyhitzTests */,
				83CBBA001A601CBA00E9B192 /* Products */,
				C2DA267E61BCE54020AAB278 /* Pods */,
				B91AB53D76894550953BF6E9 /* Frameworks */,
			);
			indentWidth = 2;
			sourceTree = "<group>";
			tabWidth = 2;
		};
		83CBBA001A601CBA00E9B192 /* Products */ = {
			isa = PBXGroup;
			children = (
				13B07F961A680F5B00A75B9A /* Skyhitz.app */,
				00E356EE1AD99517003FC87E /* SkyhitzTests.xctest */,
			);
			name = Products;
			sourceTree = "<group>";
		};
		B91AB53D76894550953BF6E9 /* Frameworks */ = {
			isa = PBXGroup;
			children = (
				D40154541BB1AB290065939C /* AVFoundation.framework */,
				D44BE1861B955BA6006A4E39 /* SystemConfiguration.framework */,
				D44BE1841B955B8B006A4E39 /* libz.dylib */,
				D44BE1771B955B0C006A4E39 /* AppHub.framework */,
				D4B3E9131B86DA6600DBCB57 /* FBSDKMessengerShareKit.framework */,
				D4B3E9141B86DA6600DBCB57 /* Bolts.framework */,
				D4B3E9151B86DA6600DBCB57 /* FBSDKCoreKit.framework */,
				D4B3E9161B86DA6600DBCB57 /* FBSDKLoginKit.framework */,
				D4B3E9171B86DA6600DBCB57 /* FBSDKShareKit.framework */,
				AF074A5206661227ECBE063F /* Pods_Skyhitz.framework */,
			);
			name = Frameworks;
			sourceTree = "<group>";
		};
		C2DA267E61BCE54020AAB278 /* Pods */ = {
			isa = PBXGroup;
			children = (
				87C5D742B34D1D7496815370 /* Pods-Skyhitz.debug.xcconfig */,
				23CE8E92911DC0EA5249EEA5 /* Pods-Skyhitz.release.xcconfig */,
			);
			name = Pods;
			sourceTree = "<group>";
		};
		D434FE171B86C3F200AE33E8 /* Resources */ = {
			isa = PBXGroup;
			children = (
				D434FE181B86C3F200AE33E8 /* Fonts */,
				D434FE211B86C3F200AE33E8 /* video */,
			);
			path = Resources;
			sourceTree = "<group>";
		};
		D434FE181B86C3F200AE33E8 /* Fonts */ = {
			isa = PBXGroup;
			children = (
				3052ADD81BCB5B9000266892 /* Ionicons.ttf */,
				3052ADD61BCB5AAD00266892 /* Avenir.ttf */,
				D434FE1A1B86C3F200AE33E8 /* Gotham-Book.ttf */,
				D434FE1C1B86C3F200AE33E8 /* Gotham-Medium.ttf */,
				D434FE1D1B86C3F200AE33E8 /* Gotham-MediumItalic.ttf */,
				D434FE1E1B86C3F200AE33E8 /* Raleway-ExtraLight.ttf */,
				D434FE1F1B86C3F200AE33E8 /* Raleway-Light.ttf */,
				D434FE201B86C3F200AE33E8 /* Raleway-Thin.ttf */,
			);
			path = Fonts;
			sourceTree = "<group>";
		};
		D434FE211B86C3F200AE33E8 /* video */ = {
			isa = PBXGroup;
			children = (
				D434FE221B86C3F200AE33E8 /* YTPlayerView-iframe-player.html */,
			);
			path = video;
			sourceTree = "<group>";
		};
		D45534901B9E52080010A63B /* Products */ = {
			isa = PBXGroup;
			children = (
				D455349F1B9E52080010A63B /* libRNKeyboardEvents.a */,
			);
			name = Products;
			sourceTree = "<group>";
		};
		D4B3E9201B86E2ED00DBCB57 /* RNVibrancy */ = {
			isa = PBXGroup;
			children = (
				D4B3E9211B86E2ED00DBCB57 /* VibrancyView.h */,
				D4B3E9221B86E2ED00DBCB57 /* VibrancyView.m */,
				D4B3E9231B86E2ED00DBCB57 /* VibrancyViewManager.h */,
				D4B3E9241B86E2ED00DBCB57 /* VibrancyViewManager.m */,
			);
			name = RNVibrancy;
			path = "node_modules/react-native-blur/RNVibrancy";
			sourceTree = "<group>";
		};
		D4B3E9251B86E2ED00DBCB57 /* RNBlur */ = {
			isa = PBXGroup;
			children = (
				D4B3E9261B86E2ED00DBCB57 /* BlurView.h */,
				D4B3E9271B86E2ED00DBCB57 /* BlurView.m */,
				D4B3E9281B86E2ED00DBCB57 /* BlurViewManager.h */,
				D4B3E9291B86E2ED00DBCB57 /* BlurViewManager.m */,
			);
			name = RNBlur;
			path = "node_modules/react-native-blur/RNBlur";
			sourceTree = "<group>";
		};
		D4BBF01E1B976312005F4C88 /* Products */ = {
			isa = PBXGroup;
			children = (
				D4BBF02D1B976312005F4C88 /* libRNSearchBar.a */,
			);
			name = Products;
			sourceTree = "<group>";
		};
		D4BBF05F1B990DDC005F4C88 /* Products */ = {
			isa = PBXGroup;
			children = (
				D4BBF0631B990DDC005F4C88 /* libRCTYouTube.a */,
			);
			name = Products;
			sourceTree = "<group>";
		};
		D4D46D3C1B941291002B52CD /* Products */ = {
			isa = PBXGroup;
			children = (
				D4D46D401B941291002B52CD /* libRNOverlay.a */,
			);
			name = Products;
			sourceTree = "<group>";
		};
/* End PBXGroup section */

/* Begin PBXNativeTarget section */
		00E356ED1AD99517003FC87E /* SkyhitzTests */ = {
			isa = PBXNativeTarget;
			buildConfigurationList = 00E357021AD99517003FC87E /* Build configuration list for PBXNativeTarget "SkyhitzTests" */;
			buildPhases = (
				00E356EA1AD99517003FC87E /* Sources */,
				00E356EB1AD99517003FC87E /* Frameworks */,
				00E356EC1AD99517003FC87E /* Resources */,
			);
			buildRules = (
			);
			dependencies = (
				00E356F51AD99517003FC87E /* PBXTargetDependency */,
			);
			name = SkyhitzTests;
			productName = SkyhitzTests;
			productReference = 00E356EE1AD99517003FC87E /* SkyhitzTests.xctest */;
			productType = "com.apple.product-type.bundle.unit-test";
		};
		13B07F861A680F5B00A75B9A /* Skyhitz */ = {
			isa = PBXNativeTarget;
			buildConfigurationList = 13B07F931A680F5B00A75B9A /* Build configuration list for PBXNativeTarget "Skyhitz" */;
			buildPhases = (
				1D25F5805CCD177DBD708B6B /* Check Pods Manifest.lock */,
				13B07F871A680F5B00A75B9A /* Sources */,
				13B07F8C1A680F5B00A75B9A /* Frameworks */,
				13B07F8E1A680F5B00A75B9A /* Resources */,
				6B0437084BAFD9E5C33CEE61 /* Embed Pods Frameworks */,
				199D4C7CDBF6D1020E1C6365 /* Copy Pods Resources */,
			);
			buildRules = (
			);
			dependencies = (
			);
			name = Skyhitz;
			productName = "Hello World";
			productReference = 13B07F961A680F5B00A75B9A /* Skyhitz.app */;
			productType = "com.apple.product-type.application";
		};
/* End PBXNativeTarget section */

/* Begin PBXProject section */
		83CBB9F71A601CBA00E9B192 /* Project object */ = {
			isa = PBXProject;
			attributes = {
				LastUpgradeCheck = 0700;
				ORGANIZATIONNAME = Facebook;
				TargetAttributes = {
					00E356ED1AD99517003FC87E = {
						CreatedOnToolsVersion = 6.2;
						TestTargetID = 13B07F861A680F5B00A75B9A;
					};
					13B07F861A680F5B00A75B9A = {
						DevelopmentTeam = 95ZGR52Q89;
					};
				};
			};
			buildConfigurationList = 83CBB9FA1A601CBA00E9B192 /* Build configuration list for PBXProject "Skyhitz" */;
			compatibilityVersion = "Xcode 3.2";
			developmentRegion = English;
			hasScannedForEncodings = 0;
			knownRegions = (
				en,
				Base,
			);
			mainGroup = 83CBB9F61A601CBA00E9B192;
			productRefGroup = 83CBBA001A601CBA00E9B192 /* Products */;
			projectDirPath = "";
			projectReferences = (
				{
					ProductGroup = 00C302A81ABCB8CE00DB3ED1 /* Products */;
					ProjectRef = 00C302A71ABCB8CE00DB3ED1 /* RCTActionSheet.xcodeproj */;
				},
				{
					ProductGroup = 00C302B61ABCB90400DB3ED1 /* Products */;
					ProjectRef = 00C302B51ABCB90400DB3ED1 /* RCTGeolocation.xcodeproj */;
				},
				{
					ProductGroup = 00C302BC1ABCB91800DB3ED1 /* Products */;
					ProjectRef = 00C302BB1ABCB91800DB3ED1 /* RCTImage.xcodeproj */;
				},
				{
					ProductGroup = 78C398B11ACF4ADC00677621 /* Products */;
					ProjectRef = 78C398B01ACF4ADC00677621 /* RCTLinking.xcodeproj */;
				},
				{
					ProductGroup = 00C302D41ABCB9D200DB3ED1 /* Products */;
					ProjectRef = 00C302D31ABCB9D200DB3ED1 /* RCTNetwork.xcodeproj */;
				},
				{
					ProductGroup = 139105B71AF99BAD00B5F7CC /* Products */;
					ProjectRef = 139105B61AF99BAD00B5F7CC /* RCTSettings.xcodeproj */;
				},
				{
					ProductGroup = 832341B11AAA6A8300B99B32 /* Products */;
					ProjectRef = 832341B01AAA6A8300B99B32 /* RCTText.xcodeproj */;
				},
				{
					ProductGroup = 00C302E01ABCB9EE00DB3ED1 /* Products */;
					ProjectRef = 00C302DF1ABCB9EE00DB3ED1 /* RCTVibration.xcodeproj */;
				},
				{
					ProductGroup = 139FDEE71B06529A00C62182 /* Products */;
					ProjectRef = 139FDEE61B06529A00C62182 /* RCTWebSocket.xcodeproj */;
				},
				{
					ProductGroup = D4BBF05F1B990DDC005F4C88 /* Products */;
					ProjectRef = D4BBF05E1B990DDC005F4C88 /* RCTYouTube.xcodeproj */;
				},
				{
					ProductGroup = 146834001AC3E56700842450 /* Products */;
					ProjectRef = 146833FF1AC3E56700842450 /* React.xcodeproj */;
				},
				{
					ProductGroup = D45534901B9E52080010A63B /* Products */;
					ProjectRef = D455348F1B9E52080010A63B /* RNKeyboardEvents.xcodeproj */;
				},
				{
					ProductGroup = D4D46D3C1B941291002B52CD /* Products */;
					ProjectRef = D4D46D3B1B941291002B52CD /* RNOverlay.xcodeproj */;
				},
				{
					ProductGroup = D4BBF01E1B976312005F4C88 /* Products */;
					ProjectRef = D4BBF01D1B976312005F4C88 /* RNSearchBar.xcodeproj */;
				},
			);
			projectRoot = "";
			targets = (
				13B07F861A680F5B00A75B9A /* Skyhitz */,
				00E356ED1AD99517003FC87E /* SkyhitzTests */,
			);
		};
/* End PBXProject section */

/* Begin PBXReferenceProxy section */
		00C302AC1ABCB8CE00DB3ED1 /* libRCTActionSheet.a */ = {
			isa = PBXReferenceProxy;
			fileType = archive.ar;
			path = libRCTActionSheet.a;
			remoteRef = 00C302AB1ABCB8CE00DB3ED1 /* PBXContainerItemProxy */;
			sourceTree = BUILT_PRODUCTS_DIR;
		};
		00C302BA1ABCB90400DB3ED1 /* libRCTGeolocation.a */ = {
			isa = PBXReferenceProxy;
			fileType = archive.ar;
			path = libRCTGeolocation.a;
			remoteRef = 00C302B91ABCB90400DB3ED1 /* PBXContainerItemProxy */;
			sourceTree = BUILT_PRODUCTS_DIR;
		};
		00C302C01ABCB91800DB3ED1 /* libRCTImage.a */ = {
			isa = PBXReferenceProxy;
			fileType = archive.ar;
			path = libRCTImage.a;
			remoteRef = 00C302BF1ABCB91800DB3ED1 /* PBXContainerItemProxy */;
			sourceTree = BUILT_PRODUCTS_DIR;
		};
		00C302DC1ABCB9D200DB3ED1 /* libRCTNetwork.a */ = {
			isa = PBXReferenceProxy;
			fileType = archive.ar;
			path = libRCTNetwork.a;
			remoteRef = 00C302DB1ABCB9D200DB3ED1 /* PBXContainerItemProxy */;
			sourceTree = BUILT_PRODUCTS_DIR;
		};
		00C302E41ABCB9EE00DB3ED1 /* libRCTVibration.a */ = {
			isa = PBXReferenceProxy;
			fileType = archive.ar;
			path = libRCTVibration.a;
			remoteRef = 00C302E31ABCB9EE00DB3ED1 /* PBXContainerItemProxy */;
			sourceTree = BUILT_PRODUCTS_DIR;
		};
		139105C11AF99BAD00B5F7CC /* libRCTSettings.a */ = {
			isa = PBXReferenceProxy;
			fileType = archive.ar;
			path = libRCTSettings.a;
			remoteRef = 139105C01AF99BAD00B5F7CC /* PBXContainerItemProxy */;
			sourceTree = BUILT_PRODUCTS_DIR;
		};
		139FDEF41B06529B00C62182 /* libRCTWebSocket.a */ = {
			isa = PBXReferenceProxy;
			fileType = archive.ar;
			path = libRCTWebSocket.a;
			remoteRef = 139FDEF31B06529B00C62182 /* PBXContainerItemProxy */;
			sourceTree = BUILT_PRODUCTS_DIR;
		};
		146834041AC3E56700842450 /* libReact.a */ = {
			isa = PBXReferenceProxy;
			fileType = archive.ar;
			path = libReact.a;
			remoteRef = 146834031AC3E56700842450 /* PBXContainerItemProxy */;
			sourceTree = BUILT_PRODUCTS_DIR;
		};
		78C398B91ACF4ADC00677621 /* libRCTLinking.a */ = {
			isa = PBXReferenceProxy;
			fileType = archive.ar;
			path = libRCTLinking.a;
			remoteRef = 78C398B81ACF4ADC00677621 /* PBXContainerItemProxy */;
			sourceTree = BUILT_PRODUCTS_DIR;
		};
		832341B51AAA6A8300B99B32 /* libRCTText.a */ = {
			isa = PBXReferenceProxy;
			fileType = archive.ar;
			path = libRCTText.a;
			remoteRef = 832341B41AAA6A8300B99B32 /* PBXContainerItemProxy */;
			sourceTree = BUILT_PRODUCTS_DIR;
		};
		D455349F1B9E52080010A63B /* libRNKeyboardEvents.a */ = {
			isa = PBXReferenceProxy;
			fileType = archive.ar;
			path = libRNKeyboardEvents.a;
			remoteRef = D455349E1B9E52080010A63B /* PBXContainerItemProxy */;
			sourceTree = BUILT_PRODUCTS_DIR;
		};
		D4BBF02D1B976312005F4C88 /* libRNSearchBar.a */ = {
			isa = PBXReferenceProxy;
			fileType = archive.ar;
			path = libRNSearchBar.a;
			remoteRef = D4BBF02C1B976312005F4C88 /* PBXContainerItemProxy */;
			sourceTree = BUILT_PRODUCTS_DIR;
		};
		D4BBF0631B990DDC005F4C88 /* libRCTYouTube.a */ = {
			isa = PBXReferenceProxy;
			fileType = archive.ar;
			path = libRCTYouTube.a;
			remoteRef = D4BBF0621B990DDC005F4C88 /* PBXContainerItemProxy */;
			sourceTree = BUILT_PRODUCTS_DIR;
		};
		D4D46D401B941291002B52CD /* libRNOverlay.a */ = {
			isa = PBXReferenceProxy;
			fileType = archive.ar;
			path = libRNOverlay.a;
			remoteRef = D4D46D3F1B941291002B52CD /* PBXContainerItemProxy */;
			sourceTree = BUILT_PRODUCTS_DIR;
		};
/* End PBXReferenceProxy section */

/* Begin PBXResourcesBuildPhase section */
		00E356EC1AD99517003FC87E /* Resources */ = {
			isa = PBXResourcesBuildPhase;
			buildActionMask = 2147483647;
			files = (
			);
			runOnlyForDeploymentPostprocessing = 0;
		};
		13B07F8E1A680F5B00A75B9A /* Resources */ = {
			isa = PBXResourcesBuildPhase;
			buildActionMask = 2147483647;
			files = (
				008F07F31AC5B25A0029DE68 /* main.jsbundle in Resources */,
				D434FE291B86C3F200AE33E8 /* Raleway-Light.ttf in Resources */,
				3052ADD91BCB5B9000266892 /* Ionicons.ttf in Resources */,
				3052ADD71BCB5AAD00266892 /* Avenir.ttf in Resources */,
				D434FE2B1B86C3F200AE33E8 /* YTPlayerView-iframe-player.html in Resources */,
				D434FE371B86C43500AE33E8 /* Images.xcassets in Resources */,
				D434FE281B86C3F200AE33E8 /* Raleway-ExtraLight.ttf in Resources */,
				D4E0514F1BB472D0005A326F /* LaunchScreen.storyboard in Resources */,
				D434FE241B86C3F200AE33E8 /* Gotham-Book.ttf in Resources */,
				D434FE261B86C3F200AE33E8 /* Gotham-Medium.ttf in Resources */,
				D434FE271B86C3F200AE33E8 /* Gotham-MediumItalic.ttf in Resources */,
				D434FE2A1B86C3F200AE33E8 /* Raleway-Thin.ttf in Resources */,
			);
			runOnlyForDeploymentPostprocessing = 0;
		};
/* End PBXResourcesBuildPhase section */

/* Begin PBXShellScriptBuildPhase section */
		199D4C7CDBF6D1020E1C6365 /* Copy Pods Resources */ = {
			isa = PBXShellScriptBuildPhase;
			buildActionMask = 2147483647;
			files = (
			);
			inputPaths = (
			);
			name = "Copy Pods Resources";
			outputPaths = (
			);
			runOnlyForDeploymentPostprocessing = 0;
			shellPath = /bin/sh;
			shellScript = "\"${SRCROOT}/Pods/Target Support Files/Pods-Skyhitz/Pods-Skyhitz-resources.sh\"\n";
			showEnvVarsInLog = 0;
		};
		1D25F5805CCD177DBD708B6B /* Check Pods Manifest.lock */ = {
			isa = PBXShellScriptBuildPhase;
			buildActionMask = 2147483647;
			files = (
			);
			inputPaths = (
			);
			name = "Check Pods Manifest.lock";
			outputPaths = (
			);
			runOnlyForDeploymentPostprocessing = 0;
			shellPath = /bin/sh;
			shellScript = "diff \"${PODS_ROOT}/../Podfile.lock\" \"${PODS_ROOT}/Manifest.lock\" > /dev/null\nif [[ $? != 0 ]] ; then\n    cat << EOM\nerror: The sandbox is not in sync with the Podfile.lock. Run 'pod install' or update your CocoaPods installation.\nEOM\n    exit 1\nfi\n";
			showEnvVarsInLog = 0;
		};
		6B0437084BAFD9E5C33CEE61 /* Embed Pods Frameworks */ = {
			isa = PBXShellScriptBuildPhase;
			buildActionMask = 2147483647;
			files = (
			);
			inputPaths = (
			);
			name = "Embed Pods Frameworks";
			outputPaths = (
			);
			runOnlyForDeploymentPostprocessing = 0;
			shellPath = /bin/sh;
			shellScript = "\"${SRCROOT}/Pods/Target Support Files/Pods-Skyhitz/Pods-Skyhitz-frameworks.sh\"\n";
			showEnvVarsInLog = 0;
		};
/* End PBXShellScriptBuildPhase section */

/* Begin PBXSourcesBuildPhase section */
		00E356EA1AD99517003FC87E /* Sources */ = {
			isa = PBXSourcesBuildPhase;
			buildActionMask = 2147483647;
			files = (
				00E356F31AD99517003FC87E /* SkyhitzTests.m in Sources */,
			);
			runOnlyForDeploymentPostprocessing = 0;
		};
		13B07F871A680F5B00A75B9A /* Sources */ = {
			isa = PBXSourcesBuildPhase;
			buildActionMask = 2147483647;
			files = (
				13B07FBC1A68108700A75B9A /* AppDelegate.m in Sources */,
				D4B3E92C1B86E2ED00DBCB57 /* BlurView.m in Sources */,
				D434FE5B1B86C9CB00AE33E8 /* SimpleAuthWrapper.m in Sources */,
				D416A7FC1B8E9EA600376C9C /* stripe.m in Sources */,
				13B07FC11A68108700A75B9A /* main.m in Sources */,
				D4B3E91F1B86DD9A00DBCB57 /* FacebookLoginManager.m in Sources */,
				D4B3E92B1B86E2ED00DBCB57 /* VibrancyViewManager.m in Sources */,
				30A50F391BCB5A27001A3D49 /* RNVectorIconsManager.m in Sources */,
				D4B3E92A1B86E2ED00DBCB57 /* VibrancyView.m in Sources */,
				D4B3E92D1B86E2ED00DBCB57 /* BlurViewManager.m in Sources */,
			);
			runOnlyForDeploymentPostprocessing = 0;
		};
/* End PBXSourcesBuildPhase section */

/* Begin PBXTargetDependency section */
		00E356F51AD99517003FC87E /* PBXTargetDependency */ = {
			isa = PBXTargetDependency;
			target = 13B07F861A680F5B00A75B9A /* Skyhitz */;
			targetProxy = 00E356F41AD99517003FC87E /* PBXContainerItemProxy */;
		};
/* End PBXTargetDependency section */

/* Begin XCBuildConfiguration section */
		00E356F61AD99517003FC87E /* Debug */ = {
			isa = XCBuildConfiguration;
			buildSettings = {
				BUNDLE_LOADER = "$(TEST_HOST)";
				FRAMEWORK_SEARCH_PATHS = (
					"$(SDKROOT)/Developer/Library/Frameworks",
					"$(inherited)",
				);
				GCC_PREPROCESSOR_DEFINITIONS = (
					"DEBUG=1",
					"$(inherited)",
				);
				INFOPLIST_FILE = SkyhitzTests/Info.plist;
				IPHONEOS_DEPLOYMENT_TARGET = 8.2;
				LD_RUNPATH_SEARCH_PATHS = "$(inherited) @executable_path/Frameworks @loader_path/Frameworks";
				PRODUCT_BUNDLE_IDENTIFIER = "org.reactjs.native.example.$(PRODUCT_NAME:rfc1034identifier)";
				PRODUCT_NAME = "$(TARGET_NAME)";
				TEST_HOST = "$(BUILT_PRODUCTS_DIR)/Skyhitz.app/Skyhitz";
			};
			name = Debug;
		};
		00E356F71AD99517003FC87E /* Release */ = {
			isa = XCBuildConfiguration;
			buildSettings = {
				BUNDLE_LOADER = "$(TEST_HOST)";
				COPY_PHASE_STRIP = NO;
				FRAMEWORK_SEARCH_PATHS = (
					"$(SDKROOT)/Developer/Library/Frameworks",
					"$(inherited)",
				);
				INFOPLIST_FILE = SkyhitzTests/Info.plist;
				IPHONEOS_DEPLOYMENT_TARGET = 8.2;
				LD_RUNPATH_SEARCH_PATHS = "$(inherited) @executable_path/Frameworks @loader_path/Frameworks";
				PRODUCT_BUNDLE_IDENTIFIER = "org.reactjs.native.example.$(PRODUCT_NAME:rfc1034identifier)";
				PRODUCT_NAME = "$(TARGET_NAME)";
				TEST_HOST = "$(BUILT_PRODUCTS_DIR)/Skyhitz.app/Skyhitz";
			};
			name = Release;
		};
		13B07F941A680F5B00A75B9A /* Debug */ = {
			isa = XCBuildConfiguration;
			baseConfigurationReference = 87C5D742B34D1D7496815370 /* Pods-Skyhitz.debug.xcconfig */;
			buildSettings = {
				ASSETCATALOG_COMPILER_APPICON_NAME = AppIcon;
				CODE_SIGN_IDENTITY = "iPhone Developer";
				"CODE_SIGN_IDENTITY[sdk=iphoneos*]" = "iPhone Developer";
				ENABLE_BITCODE = NO;
				FRAMEWORK_SEARCH_PATHS = (
					"$(inherited)",
					"$(PROJECT_DIR)",
				);
				HEADER_SEARCH_PATHS = (
					"$(inherited)",
					/Applications/Xcode.app/Contents/Developer/Toolchains/XcodeDefault.xctoolchain/usr/include,
					"$(SRCROOT)/node_modules/react-native/React/**",
				);
				INFOPLIST_FILE = iOS/Info.plist;
				LD_RUNPATH_SEARCH_PATHS = "$(inherited) @executable_path/Frameworks";
				OTHER_LDFLAGS = "-ObjC";
				PRODUCT_BUNDLE_IDENTIFIER = "org.reactjs.native.example.$(PRODUCT_NAME:rfc1034identifier)";
				PRODUCT_NAME = Skyhitz;
				PROVISIONING_PROFILE = "";
			};
			name = Debug;
		};
		13B07F951A680F5B00A75B9A /* Release */ = {
			isa = XCBuildConfiguration;
			baseConfigurationReference = 23CE8E92911DC0EA5249EEA5 /* Pods-Skyhitz.release.xcconfig */;
			buildSettings = {
				ASSETCATALOG_COMPILER_APPICON_NAME = AppIcon;
				CODE_SIGN_IDENTITY = "iPhone Developer";
				"CODE_SIGN_IDENTITY[sdk=iphoneos*]" = "iPhone Developer";
				ENABLE_BITCODE = NO;
				FRAMEWORK_SEARCH_PATHS = (
					"$(inherited)",
					"$(PROJECT_DIR)",
				);
				HEADER_SEARCH_PATHS = (
					"$(inherited)",
					/Applications/Xcode.app/Contents/Developer/Toolchains/XcodeDefault.xctoolchain/usr/include,
					"$(SRCROOT)/node_modules/react-native/React/**",
				);
				INFOPLIST_FILE = iOS/Info.plist;
				LD_RUNPATH_SEARCH_PATHS = "$(inherited) @executable_path/Frameworks";
				OTHER_LDFLAGS = "-ObjC";
				PRODUCT_BUNDLE_IDENTIFIER = "org.reactjs.native.example.$(PRODUCT_NAME:rfc1034identifier)";
				PRODUCT_NAME = Skyhitz;
				PROVISIONING_PROFILE = "";
			};
			name = Release;
		};
		83CBBA201A601CBA00E9B192 /* Debug */ = {
			isa = XCBuildConfiguration;
			buildSettings = {
				ALWAYS_SEARCH_USER_PATHS = NO;
				CLANG_CXX_LANGUAGE_STANDARD = "gnu++0x";
				CLANG_CXX_LIBRARY = "libc++";
				CLANG_ENABLE_MODULES = YES;
				CLANG_ENABLE_OBJC_ARC = YES;
				CLANG_WARN_BOOL_CONVERSION = YES;
				CLANG_WARN_CONSTANT_CONVERSION = YES;
				CLANG_WARN_DIRECT_OBJC_ISA_USAGE = YES_ERROR;
				CLANG_WARN_EMPTY_BODY = YES;
				CLANG_WARN_ENUM_CONVERSION = YES;
				CLANG_WARN_INT_CONVERSION = YES;
				CLANG_WARN_OBJC_ROOT_CLASS = YES_ERROR;
				CLANG_WARN_UNREACHABLE_CODE = YES;
				CLANG_WARN__DUPLICATE_METHOD_MATCH = YES;
				"CODE_SIGN_IDENTITY[sdk=iphoneos*]" = "iPhone Developer";
				COPY_PHASE_STRIP = NO;
				ENABLE_STRICT_OBJC_MSGSEND = YES;
				ENABLE_TESTABILITY = YES;
				GCC_C_LANGUAGE_STANDARD = gnu99;
				GCC_DYNAMIC_NO_PIC = NO;
				GCC_OPTIMIZATION_LEVEL = 0;
				GCC_PREPROCESSOR_DEFINITIONS = (
					"DEBUG=1",
					"$(inherited)",
				);
				GCC_SYMBOLS_PRIVATE_EXTERN = NO;
				GCC_WARN_64_TO_32_BIT_CONVERSION = YES;
				GCC_WARN_ABOUT_RETURN_TYPE = YES_ERROR;
				GCC_WARN_UNDECLARED_SELECTOR = YES;
				GCC_WARN_UNINITIALIZED_AUTOS = YES_AGGRESSIVE;
				GCC_WARN_UNUSED_FUNCTION = YES;
				GCC_WARN_UNUSED_VARIABLE = YES;
				HEADER_SEARCH_PATHS = (
					"$(inherited)",
					/Applications/Xcode.app/Contents/Developer/Toolchains/XcodeDefault.xctoolchain/usr/include,
					"$(SRCROOT)/node_modules/react-native/React/**",
				);
				IPHONEOS_DEPLOYMENT_TARGET = 7.0;
				MTL_ENABLE_DEBUG_INFO = YES;
				ONLY_ACTIVE_ARCH = YES;
				SDKROOT = iphoneos;
			};
			name = Debug;
		};
		83CBBA211A601CBA00E9B192 /* Release */ = {
			isa = XCBuildConfiguration;
			buildSettings = {
				ALWAYS_SEARCH_USER_PATHS = NO;
				CLANG_CXX_LANGUAGE_STANDARD = "gnu++0x";
				CLANG_CXX_LIBRARY = "libc++";
				CLANG_ENABLE_MODULES = YES;
				CLANG_ENABLE_OBJC_ARC = YES;
				CLANG_WARN_BOOL_CONVERSION = YES;
				CLANG_WARN_CONSTANT_CONVERSION = YES;
				CLANG_WARN_DIRECT_OBJC_ISA_USAGE = YES_ERROR;
				CLANG_WARN_EMPTY_BODY = YES;
				CLANG_WARN_ENUM_CONVERSION = YES;
				CLANG_WARN_INT_CONVERSION = YES;
				CLANG_WARN_OBJC_ROOT_CLASS = YES_ERROR;
				CLANG_WARN_UNREACHABLE_CODE = YES;
				CLANG_WARN__DUPLICATE_METHOD_MATCH = YES;
				"CODE_SIGN_IDENTITY[sdk=iphoneos*]" = "iPhone Developer";
				COPY_PHASE_STRIP = YES;
				ENABLE_NS_ASSERTIONS = NO;
				ENABLE_STRICT_OBJC_MSGSEND = YES;
				GCC_C_LANGUAGE_STANDARD = gnu99;
				GCC_WARN_64_TO_32_BIT_CONVERSION = YES;
				GCC_WARN_ABOUT_RETURN_TYPE = YES_ERROR;
				GCC_WARN_UNDECLARED_SELECTOR = YES;
				GCC_WARN_UNINITIALIZED_AUTOS = YES_AGGRESSIVE;
				GCC_WARN_UNUSED_FUNCTION = YES;
				GCC_WARN_UNUSED_VARIABLE = YES;
				HEADER_SEARCH_PATHS = (
					"$(inherited)",
					/Applications/Xcode.app/Contents/Developer/Toolchains/XcodeDefault.xctoolchain/usr/include,
					"$(SRCROOT)/node_modules/react-native/React/**",
				);
				IPHONEOS_DEPLOYMENT_TARGET = 7.0;
				MTL_ENABLE_DEBUG_INFO = NO;
				SDKROOT = iphoneos;
				VALIDATE_PRODUCT = YES;
			};
			name = Release;
		};
/* End XCBuildConfiguration section */

/* Begin XCConfigurationList section */
		00E357021AD99517003FC87E /* Build configuration list for PBXNativeTarget "SkyhitzTests" */ = {
			isa = XCConfigurationList;
			buildConfigurations = (
				00E356F61AD99517003FC87E /* Debug */,
				00E356F71AD99517003FC87E /* Release */,
			);
			defaultConfigurationIsVisible = 0;
			defaultConfigurationName = Release;
		};
		13B07F931A680F5B00A75B9A /* Build configuration list for PBXNativeTarget "Skyhitz" */ = {
			isa = XCConfigurationList;
			buildConfigurations = (
				13B07F941A680F5B00A75B9A /* Debug */,
				13B07F951A680F5B00A75B9A /* Release */,
			);
			defaultConfigurationIsVisible = 0;
			defaultConfigurationName = Release;
		};
		83CBB9FA1A601CBA00E9B192 /* Build configuration list for PBXProject "Skyhitz" */ = {
			isa = XCConfigurationList;
			buildConfigurations = (
				83CBBA201A601CBA00E9B192 /* Debug */,
				83CBBA211A601CBA00E9B192 /* Release */,
			);
			defaultConfigurationIsVisible = 0;
			defaultConfigurationName = Release;
		};
/* End XCConfigurationList section */
	};
	rootObject = 83CBB9F71A601CBA00E9B192 /* Project object */;
}
